// !$*UTF8*$!
{
	archiveVersion = 1;
	classes = {
	};
	objectVersion = 50;
	objects = {

/* Begin PBXBuildFile section */
		49C64C77221E9391000B8864 /* main.swift in Sources */ = {isa = PBXBuildFile; fileRef = 49C64C76221E9391000B8864 /* main.swift */; };
		49C64C7F221E93DF000B8864 /* Q79WordSearch.swift in Sources */ = {isa = PBXBuildFile; fileRef = 49C64C7E221E93DF000B8864 /* Q79WordSearch.swift */; };
		49C64C82221E9BC3000B8864 /* Q22GenerateParentheses.swift in Sources */ = {isa = PBXBuildFile; fileRef = 49C64C81221E9BC3000B8864 /* Q22GenerateParentheses.swift */; };
		49C64C86221E9DE6000B8864 /* Q560SubarraySumEqualsK.swift in Sources */ = {isa = PBXBuildFile; fileRef = 49C64C85221E9DE6000B8864 /* Q560SubarraySumEqualsK.swift */; };
		49C64C88221F2F5F000B8864 /* Q733FloodFill.swift in Sources */ = {isa = PBXBuildFile; fileRef = 49C64C87221F2F5F000B8864 /* Q733FloodFill.swift */; };
		49C64C8A221F36AD000B8864 /* Q332ReconstructItinerary.swift in Sources */ = {isa = PBXBuildFile; fileRef = 49C64C89221F36AD000B8864 /* Q332ReconstructItinerary.swift */; };
		49C64C8F221F4021000B8864 /* TreeNode.swift in Sources */ = {isa = PBXBuildFile; fileRef = 49C64C8E221F4021000B8864 /* TreeNode.swift */; };
		49C64C91221F7928000B8864 /* Q236LowestCommonAncestorOfABinaryTree.swift in Sources */ = {isa = PBXBuildFile; fileRef = 49C64C90221F7928000B8864 /* Q236LowestCommonAncestorOfABinaryTree.swift */; };
		AFC2881D24C165B600FFD34C /* Q56MergeIntervals.swift in Sources */ = {isa = PBXBuildFile; fileRef = AFC2881C24C165B600FFD34C /* Q56MergeIntervals.swift */; };
/* End PBXBuildFile section */

/* Begin PBXCopyFilesBuildPhase section */
		49C64C71221E9391000B8864 /* CopyFiles */ = {
			isa = PBXCopyFilesBuildPhase;
			buildActionMask = 2147483647;
			dstPath = /usr/share/man/man1/;
			dstSubfolderSpec = 0;
			files = (
			);
			runOnlyForDeploymentPostprocessing = 1;
		};
/* End PBXCopyFilesBuildPhase section */

/* Begin PBXFileReference section */
		49C64C73221E9391000B8864 /* leetcode-swift */ = {isa = PBXFileReference; explicitFileType = "compiled.mach-o.executable"; includeInIndex = 0; path = "leetcode-swift"; sourceTree = BUILT_PRODUCTS_DIR; };
		49C64C76221E9391000B8864 /* main.swift */ = {isa = PBXFileReference; lastKnownFileType = sourcecode.swift; path = main.swift; sourceTree = "<group>"; };
		49C64C7E221E93DF000B8864 /* Q79WordSearch.swift */ = {isa = PBXFileReference; lastKnownFileType = sourcecode.swift; path = Q79WordSearch.swift; sourceTree = "<group>"; };
		49C64C81221E9BC3000B8864 /* Q22GenerateParentheses.swift */ = {isa = PBXFileReference; lastKnownFileType = sourcecode.swift; path = Q22GenerateParentheses.swift; sourceTree = "<group>"; };
		49C64C85221E9DE6000B8864 /* Q560SubarraySumEqualsK.swift */ = {isa = PBXFileReference; lastKnownFileType = sourcecode.swift; path = Q560SubarraySumEqualsK.swift; sourceTree = "<group>"; };
		49C64C87221F2F5F000B8864 /* Q733FloodFill.swift */ = {isa = PBXFileReference; lastKnownFileType = sourcecode.swift; path = Q733FloodFill.swift; sourceTree = "<group>"; };
		49C64C89221F36AD000B8864 /* Q332ReconstructItinerary.swift */ = {isa = PBXFileReference; lastKnownFileType = sourcecode.swift; path = Q332ReconstructItinerary.swift; sourceTree = "<group>"; };
		49C64C8E221F4021000B8864 /* TreeNode.swift */ = {isa = PBXFileReference; lastKnownFileType = sourcecode.swift; path = TreeNode.swift; sourceTree = "<group>"; };
		49C64C90221F7928000B8864 /* Q236LowestCommonAncestorOfABinaryTree.swift */ = {isa = PBXFileReference; lastKnownFileType = sourcecode.swift; path = Q236LowestCommonAncestorOfABinaryTree.swift; sourceTree = "<group>"; };
		AFC2881C24C165B600FFD34C /* Q56MergeIntervals.swift */ = {isa = PBXFileReference; lastKnownFileType = sourcecode.swift; path = Q56MergeIntervals.swift; sourceTree = "<group>"; };
/* End PBXFileReference section */

/* Begin PBXFrameworksBuildPhase section */
		49C64C70221E9391000B8864 /* Frameworks */ = {
			isa = PBXFrameworksBuildPhase;
			buildActionMask = 2147483647;
			files = (
			);
			runOnlyForDeploymentPostprocessing = 0;
		};
/* End PBXFrameworksBuildPhase section */

/* Begin PBXGroup section */
		49C64C6A221E9391000B8864 = {
			isa = PBXGroup;
			children = (
				49C64C75221E9391000B8864 /* leetcode-swift */,
				49C64C74221E9391000B8864 /* Products */,
			);
			sourceTree = "<group>";
		};
		49C64C74221E9391000B8864 /* Products */ = {
			isa = PBXGroup;
			children = (
				49C64C73221E9391000B8864 /* leetcode-swift */,
			);
			name = Products;
			sourceTree = "<group>";
		};
		49C64C75221E9391000B8864 /* leetcode-swift */ = {
			isa = PBXGroup;
			children = (
				49C64C8D221F400F000B8864 /* public_class */,
				49C64C83221E9DB8000B8864 /* array */,
				49C64C7D221E93CA000B8864 /* depth_first_search */,
				49C64C8B221F3FE8000B8864 /* tree */,
				49C64C76221E9391000B8864 /* main.swift */,
			);
			path = "leetcode-swift";
			sourceTree = "<group>";
		};
		49C64C7D221E93CA000B8864 /* depth_first_search */ = {
			isa = PBXGroup;
			children = (
				49C64C80221E9BB2000B8864 /* all_subsets */,
				49C64C7E221E93DF000B8864 /* Q79WordSearch.swift */,
				49C64C87221F2F5F000B8864 /* Q733FloodFill.swift */,
				49C64C89221F36AD000B8864 /* Q332ReconstructItinerary.swift */,
			);
			path = depth_first_search;
			sourceTree = "<group>";
		};
		49C64C80221E9BB2000B8864 /* all_subsets */ = {
			isa = PBXGroup;
			children = (
				49C64C81221E9BC3000B8864 /* Q22GenerateParentheses.swift */,
			);
			path = all_subsets;
			sourceTree = "<group>";
		};
		49C64C83221E9DB8000B8864 /* array */ = {
			isa = PBXGroup;
			children = (
				AFC2881B24C1659100FFD34C /* interval */,
				49C64C84221E9DC7000B8864 /* pre_sum */,
			);
			path = array;
			sourceTree = "<group>";
		};
		49C64C84221E9DC7000B8864 /* pre_sum */ = {
			isa = PBXGroup;
			children = (
				49C64C85221E9DE6000B8864 /* Q560SubarraySumEqualsK.swift */,
			);
			path = pre_sum;
			sourceTree = "<group>";
		};
		49C64C8B221F3FE8000B8864 /* tree */ = {
			isa = PBXGroup;
			children = (
				49C64C8C221F3FF1000B8864 /* post_order */,
			);
			path = tree;
			sourceTree = "<group>";
		};
		49C64C8C221F3FF1000B8864 /* post_order */ = {
			isa = PBXGroup;
			children = (
				49C64C90221F7928000B8864 /* Q236LowestCommonAncestorOfABinaryTree.swift */,
			);
			path = post_order;
			sourceTree = "<group>";
		};
		49C64C8D221F400F000B8864 /* public_class */ = {
			isa = PBXGroup;
			children = (
				49C64C8E221F4021000B8864 /* TreeNode.swift */,
			);
			path = public_class;
			sourceTree = "<group>";
		};
		AFC2881B24C1659100FFD34C /* interval */ = {
			isa = PBXGroup;
			children = (
				AFC2881C24C165B600FFD34C /* Q56MergeIntervals.swift */,
			);
			path = interval;
			sourceTree = "<group>";
		};
/* End PBXGroup section */

/* Begin PBXNativeTarget section */
		49C64C72221E9391000B8864 /* leetcode-swift */ = {
			isa = PBXNativeTarget;
			buildConfigurationList = 49C64C7A221E9391000B8864 /* Build configuration list for PBXNativeTarget "leetcode-swift" */;
			buildPhases = (
				49C64C6F221E9391000B8864 /* Sources */,
				49C64C70221E9391000B8864 /* Frameworks */,
				49C64C71221E9391000B8864 /* CopyFiles */,
			);
			buildRules = (
			);
			dependencies = (
			);
			name = "leetcode-swift";
			productName = "leetcode-swift";
			productReference = 49C64C73221E9391000B8864 /* leetcode-swift */;
			productType = "com.apple.product-type.tool";
		};
/* End PBXNativeTarget section */

/* Begin PBXProject section */
		49C64C6B221E9391000B8864 /* Project object */ = {
			isa = PBXProject;
			attributes = {
				LastSwiftUpdateCheck = 1010;
				LastUpgradeCheck = 1010;
				ORGANIZATIONNAME = com.cj;
				TargetAttributes = {
					49C64C72221E9391000B8864 = {
						CreatedOnToolsVersion = 10.1;
						LastSwiftMigration = 1150;
					};
				};
			};
			buildConfigurationList = 49C64C6E221E9391000B8864 /* Build configuration list for PBXProject "leetcode-swift" */;
			compatibilityVersion = "Xcode 9.3";
			developmentRegion = en;
			hasScannedForEncodings = 0;
			knownRegions = (
				en,
			);
			mainGroup = 49C64C6A221E9391000B8864;
			productRefGroup = 49C64C74221E9391000B8864 /* Products */;
			projectDirPath = "";
			projectRoot = "";
			targets = (
				49C64C72221E9391000B8864 /* leetcode-swift */,
			);
		};
/* End PBXProject section */

/* Begin PBXSourcesBuildPhase section */
		49C64C6F221E9391000B8864 /* Sources */ = {
			isa = PBXSourcesBuildPhase;
			buildActionMask = 2147483647;
			files = (
				49C64C8F221F4021000B8864 /* TreeNode.swift in Sources */,
				49C64C77221E9391000B8864 /* main.swift in Sources */,
				49C64C88221F2F5F000B8864 /* Q733FloodFill.swift in Sources */,
				49C64C91221F7928000B8864 /* Q236LowestCommonAncestorOfABinaryTree.swift in Sources */,
				49C64C82221E9BC3000B8864 /* Q22GenerateParentheses.swift in Sources */,
				AFC2881D24C165B600FFD34C /* Q56MergeIntervals.swift in Sources */,
				49C64C8A221F36AD000B8864 /* Q332ReconstructItinerary.swift in Sources */,
				49C64C7F221E93DF000B8864 /* Q79WordSearch.swift in Sources */,
				49C64C86221E9DE6000B8864 /* Q560SubarraySumEqualsK.swift in Sources */,
			);
			runOnlyForDeploymentPostprocessing = 0;
		};
/* End PBXSourcesBuildPhase section */

/* Begin XCBuildConfiguration section */
		49C64C78221E9391000B8864 /* Debug */ = {
			isa = XCBuildConfiguration;
			buildSettings = {
				ALWAYS_SEARCH_USER_PATHS = NO;
				CLANG_ANALYZER_NONNULL = YES;
				CLANG_ANALYZER_NUMBER_OBJECT_CONVERSION = YES_AGGRESSIVE;
				CLANG_CXX_LANGUAGE_STANDARD = "gnu++14";
				CLANG_CXX_LIBRARY = "libc++";
				CLANG_ENABLE_MODULES = YES;
				CLANG_ENABLE_OBJC_ARC = YES;
				CLANG_ENABLE_OBJC_WEAK = YES;
				CLANG_WARN_BLOCK_CAPTURE_AUTORELEASING = YES;
				CLANG_WARN_BOOL_CONVERSION = YES;
				CLANG_WARN_COMMA = YES;
				CLANG_WARN_CONSTANT_CONVERSION = YES;
				CLANG_WARN_DEPRECATED_OBJC_IMPLEMENTATIONS = YES;
				CLANG_WARN_DIRECT_OBJC_ISA_USAGE = YES_ERROR;
				CLANG_WARN_DOCUMENTATION_COMMENTS = YES;
				CLANG_WARN_EMPTY_BODY = YES;
				CLANG_WARN_ENUM_CONVERSION = YES;
				CLANG_WARN_INFINITE_RECURSION = YES;
				CLANG_WARN_INT_CONVERSION = YES;
				CLANG_WARN_NON_LITERAL_NULL_CONVERSION = YES;
				CLANG_WARN_OBJC_IMPLICIT_RETAIN_SELF = YES;
				CLANG_WARN_OBJC_LITERAL_CONVERSION = YES;
				CLANG_WARN_OBJC_ROOT_CLASS = YES_ERROR;
				CLANG_WARN_RANGE_LOOP_ANALYSIS = YES;
				CLANG_WARN_STRICT_PROTOTYPES = YES;
				CLANG_WARN_SUSPICIOUS_MOVE = YES;
				CLANG_WARN_UNGUARDED_AVAILABILITY = YES_AGGRESSIVE;
				CLANG_WARN_UNREACHABLE_CODE = YES;
				CLANG_WARN__DUPLICATE_METHOD_MATCH = YES;
				CODE_SIGN_IDENTITY = "Mac Developer";
				COPY_PHASE_STRIP = NO;
				DEBUG_INFORMATION_FORMAT = dwarf;
				ENABLE_STRICT_OBJC_MSGSEND = YES;
				ENABLE_TESTABILITY = YES;
				GCC_C_LANGUAGE_STANDARD = gnu11;
				GCC_DYNAMIC_NO_PIC = NO;
				GCC_NO_COMMON_BLOCKS = YES;
				GCC_OPTIMIZATION_LEVEL = 0;
				GCC_PREPROCESSOR_DEFINITIONS = (
					"DEBUG=1",
					"$(inherited)",
				);
				GCC_WARN_64_TO_32_BIT_CONVERSION = YES;
				GCC_WARN_ABOUT_RETURN_TYPE = YES_ERROR;
				GCC_WARN_UNDECLARED_SELECTOR = YES;
				GCC_WARN_UNINITIALIZED_AUTOS = YES_AGGRESSIVE;
				GCC_WARN_UNUSED_FUNCTION = YES;
				GCC_WARN_UNUSED_VARIABLE = YES;
				MACOSX_DEPLOYMENT_TARGET = 10.14;
				MTL_ENABLE_DEBUG_INFO = INCLUDE_SOURCE;
				MTL_FAST_MATH = YES;
				ONLY_ACTIVE_ARCH = YES;
				SDKROOT = macosx;
				SWIFT_ACTIVE_COMPILATION_CONDITIONS = DEBUG;
				SWIFT_OPTIMIZATION_LEVEL = "-Onone";
			};
			name = Debug;
		};
		49C64C79221E9391000B8864 /* Release */ = {
			isa = XCBuildConfiguration;
			buildSettings = {
				ALWAYS_SEARCH_USER_PATHS = NO;
				CLANG_ANALYZER_NONNULL = YES;
				CLANG_ANALYZER_NUMBER_OBJECT_CONVERSION = YES_AGGRESSIVE;
				CLANG_CXX_LANGUAGE_STANDARD = "gnu++14";
				CLANG_CXX_LIBRARY = "libc++";
				CLANG_ENABLE_MODULES = YES;
				CLANG_ENABLE_OBJC_ARC = YES;
				CLANG_ENABLE_OBJC_WEAK = YES;
				CLANG_WARN_BLOCK_CAPTURE_AUTORELEASING = YES;
				CLANG_WARN_BOOL_CONVERSION = YES;
				CLANG_WARN_COMMA = YES;
				CLANG_WARN_CONSTANT_CONVERSION = YES;
				CLANG_WARN_DEPRECATED_OBJC_IMPLEMENTATIONS = YES;
				CLANG_WARN_DIRECT_OBJC_ISA_USAGE = YES_ERROR;
				CLANG_WARN_DOCUMENTATION_COMMENTS = YES;
				CLANG_WARN_EMPTY_BODY = YES;
				CLANG_WARN_ENUM_CONVERSION = YES;
				CLANG_WARN_INFINITE_RECURSION = YES;
				CLANG_WARN_INT_CONVERSION = YES;
				CLANG_WARN_NON_LITERAL_NULL_CONVERSION = YES;
				CLANG_WARN_OBJC_IMPLICIT_RETAIN_SELF = YES;
				CLANG_WARN_OBJC_LITERAL_CONVERSION = YES;
				CLANG_WARN_OBJC_ROOT_CLASS = YES_ERROR;
				CLANG_WARN_RANGE_LOOP_ANALYSIS = YES;
				CLANG_WARN_STRICT_PROTOTYPES = YES;
				CLANG_WARN_SUSPICIOUS_MOVE = YES;
				CLANG_WARN_UNGUARDED_AVAILABILITY = YES_AGGRESSIVE;
				CLANG_WARN_UNREACHABLE_CODE = YES;
				CLANG_WARN__DUPLICATE_METHOD_MATCH = YES;
				CODE_SIGN_IDENTITY = "Mac Developer";
				COPY_PHASE_STRIP = NO;
				DEBUG_INFORMATION_FORMAT = "dwarf-with-dsym";
				ENABLE_NS_ASSERTIONS = NO;
				ENABLE_STRICT_OBJC_MSGSEND = YES;
				GCC_C_LANGUAGE_STANDARD = gnu11;
				GCC_NO_COMMON_BLOCKS = YES;
				GCC_WARN_64_TO_32_BIT_CONVERSION = YES;
				GCC_WARN_ABOUT_RETURN_TYPE = YES_ERROR;
				GCC_WARN_UNDECLARED_SELECTOR = YES;
				GCC_WARN_UNINITIALIZED_AUTOS = YES_AGGRESSIVE;
				GCC_WARN_UNUSED_FUNCTION = YES;
				GCC_WARN_UNUSED_VARIABLE = YES;
				MACOSX_DEPLOYMENT_TARGET = 10.14;
				MTL_ENABLE_DEBUG_INFO = NO;
				MTL_FAST_MATH = YES;
				SDKROOT = macosx;
				SWIFT_COMPILATION_MODE = wholemodule;
				SWIFT_OPTIMIZATION_LEVEL = "-O";
			};
			name = Release;
		};
		49C64C7B221E9391000B8864 /* Debug */ = {
			isa = XCBuildConfiguration;
			buildSettings = {
				CODE_SIGN_STYLE = Automatic;
				DEVELOPMENT_TEAM = 78A73LK6Q3;
				PRODUCT_NAME = "$(TARGET_NAME)";
				SWIFT_VERSION = 5.0;
			};
			name = Debug;
		};
		49C64C7C221E9391000B8864 /* Release */ = {
			isa = XCBuildConfiguration;
			buildSettings = {
				CODE_SIGN_STYLE = Automatic;
				DEVELOPMENT_TEAM = 78A73LK6Q3;
				PRODUCT_NAME = "$(TARGET_NAME)";
				SWIFT_VERSION = 5.0;
			};
			name = Release;
		};
/* End XCBuildConfiguration section */

/* Begin XCConfigurationList section */
		49C64C6E221E9391000B8864 /* Build configuration list for PBXProject "leetcode-swift" */ = {
			isa = XCConfigurationList;
			buildConfigurations = (
				49C64C78221E9391000B8864 /* Debug */,
				49C64C79221E9391000B8864 /* Release */,
			);
			defaultConfigurationIsVisible = 0;
			defaultConfigurationName = Release;
		};
		49C64C7A221E9391000B8864 /* Build configuration list for PBXNativeTarget "leetcode-swift" */ = {
			isa = XCConfigurationList;
			buildConfigurations = (
				49C64C7B221E9391000B8864 /* Debug */,
				49C64C7C221E9391000B8864 /* Release */,
			);
			defaultConfigurationIsVisible = 0;
			defaultConfigurationName = Release;
		};
/* End XCConfigurationList section */
	};
	rootObject = 49C64C6B221E9391000B8864 /* Project object */;
}
