// !$*UTF8*$!
{
	archiveVersion = 1;
	classes = {
	};
	objectVersion = 50;
	objects = {

/* Begin PBXBuildFile section */
		49C64C77221E9391000B8864 /* main.swift in Sources */ = {isa = PBXBuildFile; fileRef = 49C64C76221E9391000B8864 /* main.swift */; };
		49C64C7F221E93DF000B8864 /* Q79WordSearch.swift in Sources */ = {isa = PBXBuildFile; fileRef = 49C64C7E221E93DF000B8864 /* Q79WordSearch.swift */; };
		49C64C82221E9BC3000B8864 /* Q22GenerateParentheses.swift in Sources */ = {isa = PBXBuildFile; fileRef = 49C64C81221E9BC3000B8864 /* Q22GenerateParentheses.swift */; };
		49C64C86221E9DE6000B8864 /* Q560SubarraySumEqualsK.swift in Sources */ = {isa = PBXBuildFile; fileRef = 49C64C85221E9DE6000B8864 /* Q560SubarraySumEqualsK.swift */; };
		49C64C88221F2F5F000B8864 /* Q733FloodFill.swift in Sources */ = {isa = PBXBuildFile; fileRef = 49C64C87221F2F5F000B8864 /* Q733FloodFill.swift */; };
		49C64C8A221F36AD000B8864 /* Q332ReconstructItinerary.swift in Sources */ = {isa = PBXBuildFile; fileRef = 49C64C89221F36AD000B8864 /* Q332ReconstructItinerary.swift */; };
		49C64C8F221F4021000B8864 /* TreeNode.swift in Sources */ = {isa = PBXBuildFile; fileRef = 49C64C8E221F4021000B8864 /* TreeNode.swift */; };
		49C64C91221F7928000B8864 /* Q236LowestCommonAncestorOfABinaryTree.swift in Sources */ = {isa = PBXBuildFile; fileRef = 49C64C90221F7928000B8864 /* Q236LowestCommonAncestorOfABinaryTree.swift */; };
		AF48478024F4691000CB23DE /* Q39CombinationSum.swift in Sources */ = {isa = PBXBuildFile; fileRef = AF48477F24F4690F00CB23DE /* Q39CombinationSum.swift */; };
		AF48478524F477C800CB23DE /* Q17LetterCombinationsOfAPhoneNumber.swift in Sources */ = {isa = PBXBuildFile; fileRef = AF48478424F477C800CB23DE /* Q17LetterCombinationsOfAPhoneNumber.swift */; };
		AF9C058024D1441300DB125A /* Q57InsertInterval.swift in Sources */ = {isa = PBXBuildFile; fileRef = AF9C057F24D1441300DB125A /* Q57InsertInterval.swift */; };
		AF9C058324D148AA00DB125A /* Q14LongestCommonPrefix.swift in Sources */ = {isa = PBXBuildFile; fileRef = AF9C058224D148AA00DB125A /* Q14LongestCommonPrefix.swift */; };
		AF9C058624D14F6200DB125A /* Q169MajorityElement.swift in Sources */ = {isa = PBXBuildFile; fileRef = AF9C058524D14F6200DB125A /* Q169MajorityElement.swift */; };
		AF9C058924D1532C00DB125A /* Q1TwoSum.swift in Sources */ = {isa = PBXBuildFile; fileRef = AF9C058824D1532C00DB125A /* Q1TwoSum.swift */; };
		AF9C058C24D1575900DB125A /* Q523ContinuousSubarraySum.swift in Sources */ = {isa = PBXBuildFile; fileRef = AF9C058B24D1575900DB125A /* Q523ContinuousSubarraySum.swift */; };
		AF9C059324D3E1A100DB125A /* Q347TopKFrequentElements.swift in Sources */ = {isa = PBXBuildFile; fileRef = AF9C059224D3E1A100DB125A /* Q347TopKFrequentElements.swift */; };
		AF9C059724D3E81B00DB125A /* Q189RotateArray.swift in Sources */ = {isa = PBXBuildFile; fileRef = AF9C059624D3E81B00DB125A /* Q189RotateArray.swift */; };
		AF9C059C24D3EC4300DB125A /* Q643MaximumAverageSubarrayI.swift in Sources */ = {isa = PBXBuildFile; fileRef = AF9C059B24D3EC4300DB125A /* Q643MaximumAverageSubarrayI.swift */; };
		AF9C059F24D3F08A00DB125A /* Q26RemoveDuplicatesFromSortedArray.swift in Sources */ = {isa = PBXBuildFile; fileRef = AF9C059E24D3F08A00DB125A /* Q26RemoveDuplicatesFromSortedArray.swift */; };
		AF9C05A124D3F3CA00DB125A /* Q121BestTimeToBuyAndSellStock.swift in Sources */ = {isa = PBXBuildFile; fileRef = AF9C05A024D3F3CA00DB125A /* Q121BestTimeToBuyAndSellStock.swift */; };
		AF9C05A424D3F52F00DB125A /* Q278FirstBadVersion.swift in Sources */ = {isa = PBXBuildFile; fileRef = AF9C05A324D3F52F00DB125A /* Q278FirstBadVersion.swift */; };
		AF9C05A724D538BA00DB125A /* Q190ReverseBits.swift in Sources */ = {isa = PBXBuildFile; fileRef = AF9C05A624D538BA00DB125A /* Q190ReverseBits.swift */; };
		AF9C05AA24D53F4800DB125A /* Q102BinaryTreeLevelOrderTraversal.swift in Sources */ = {isa = PBXBuildFile; fileRef = AF9C05A924D53F4800DB125A /* Q102BinaryTreeLevelOrderTraversal.swift */; };
		AF9C05AD24D541CA00DB125A /* Q146LRUCache.swift in Sources */ = {isa = PBXBuildFile; fileRef = AF9C05AC24D541CA00DB125A /* Q146LRUCache.swift */; };
		AF9C05B124D548A000DB125A /* Q46Permutations.swift in Sources */ = {isa = PBXBuildFile; fileRef = AF9C05B024D548A000DB125A /* Q46Permutations.swift */; };
		AF9C05B424D5E15100DB125A /* Q329LongestIncreasingPathInAMatrix.swift in Sources */ = {isa = PBXBuildFile; fileRef = AF9C05B324D5E15100DB125A /* Q329LongestIncreasingPathInAMatrix.swift */; };
		AFC2881D24C165B600FFD34C /* Q56MergeIntervals.swift in Sources */ = {isa = PBXBuildFile; fileRef = AFC2881C24C165B600FFD34C /* Q56MergeIntervals.swift */; };
/* End PBXBuildFile section */

/* Begin PBXCopyFilesBuildPhase section */
		49C64C71221E9391000B8864 /* CopyFiles */ = {
			isa = PBXCopyFilesBuildPhase;
			buildActionMask = 2147483647;
			dstPath = /usr/share/man/man1/;
			dstSubfolderSpec = 0;
			files = (
			);
			runOnlyForDeploymentPostprocessing = 1;
		};
/* End PBXCopyFilesBuildPhase section */

/* Begin PBXFileReference section */
		49C64C73221E9391000B8864 /* leetcode-swift */ = {isa = PBXFileReference; explicitFileType = "compiled.mach-o.executable"; includeInIndex = 0; path = "leetcode-swift"; sourceTree = BUILT_PRODUCTS_DIR; };
		49C64C76221E9391000B8864 /* main.swift */ = {isa = PBXFileReference; lastKnownFileType = sourcecode.swift; path = main.swift; sourceTree = "<group>"; };
		49C64C7E221E93DF000B8864 /* Q79WordSearch.swift */ = {isa = PBXFileReference; lastKnownFileType = sourcecode.swift; path = Q79WordSearch.swift; sourceTree = "<group>"; };
		49C64C81221E9BC3000B8864 /* Q22GenerateParentheses.swift */ = {isa = PBXFileReference; lastKnownFileType = sourcecode.swift; name = Q22GenerateParentheses.swift; path = ../all_subsets/Q22GenerateParentheses.swift; sourceTree = "<group>"; };
		49C64C85221E9DE6000B8864 /* Q560SubarraySumEqualsK.swift */ = {isa = PBXFileReference; lastKnownFileType = sourcecode.swift; path = Q560SubarraySumEqualsK.swift; sourceTree = "<group>"; };
		49C64C87221F2F5F000B8864 /* Q733FloodFill.swift */ = {isa = PBXFileReference; lastKnownFileType = sourcecode.swift; path = Q733FloodFill.swift; sourceTree = "<group>"; };
		49C64C89221F36AD000B8864 /* Q332ReconstructItinerary.swift */ = {isa = PBXFileReference; lastKnownFileType = sourcecode.swift; path = Q332ReconstructItinerary.swift; sourceTree = "<group>"; };
		49C64C8E221F4021000B8864 /* TreeNode.swift */ = {isa = PBXFileReference; lastKnownFileType = sourcecode.swift; path = TreeNode.swift; sourceTree = "<group>"; };
		49C64C90221F7928000B8864 /* Q236LowestCommonAncestorOfABinaryTree.swift */ = {isa = PBXFileReference; lastKnownFileType = sourcecode.swift; path = Q236LowestCommonAncestorOfABinaryTree.swift; sourceTree = "<group>"; };
		AF48477F24F4690F00CB23DE /* Q39CombinationSum.swift */ = {isa = PBXFileReference; lastKnownFileType = sourcecode.swift; path = Q39CombinationSum.swift; sourceTree = "<group>"; };
		AF48478424F477C800CB23DE /* Q17LetterCombinationsOfAPhoneNumber.swift */ = {isa = PBXFileReference; lastKnownFileType = sourcecode.swift; path = Q17LetterCombinationsOfAPhoneNumber.swift; sourceTree = "<group>"; };
		AF9C057F24D1441300DB125A /* Q57InsertInterval.swift */ = {isa = PBXFileReference; lastKnownFileType = sourcecode.swift; path = Q57InsertInterval.swift; sourceTree = "<group>"; };
		AF9C058224D148AA00DB125A /* Q14LongestCommonPrefix.swift */ = {isa = PBXFileReference; lastKnownFileType = sourcecode.swift; path = Q14LongestCommonPrefix.swift; sourceTree = "<group>"; };
		AF9C058524D14F6200DB125A /* Q169MajorityElement.swift */ = {isa = PBXFileReference; lastKnownFileType = sourcecode.swift; path = Q169MajorityElement.swift; sourceTree = "<group>"; };
		AF9C058824D1532C00DB125A /* Q1TwoSum.swift */ = {isa = PBXFileReference; lastKnownFileType = sourcecode.swift; path = Q1TwoSum.swift; sourceTree = "<group>"; };
		AF9C058B24D1575900DB125A /* Q523ContinuousSubarraySum.swift */ = {isa = PBXFileReference; lastKnownFileType = sourcecode.swift; path = Q523ContinuousSubarraySum.swift; sourceTree = "<group>"; };
		AF9C059224D3E1A100DB125A /* Q347TopKFrequentElements.swift */ = {isa = PBXFileReference; lastKnownFileType = sourcecode.swift; path = Q347TopKFrequentElements.swift; sourceTree = "<group>"; };
		AF9C059624D3E81B00DB125A /* Q189RotateArray.swift */ = {isa = PBXFileReference; lastKnownFileType = sourcecode.swift; path = Q189RotateArray.swift; sourceTree = "<group>"; };
		AF9C059B24D3EC4300DB125A /* Q643MaximumAverageSubarrayI.swift */ = {isa = PBXFileReference; lastKnownFileType = sourcecode.swift; path = Q643MaximumAverageSubarrayI.swift; sourceTree = "<group>"; };
		AF9C059E24D3F08A00DB125A /* Q26RemoveDuplicatesFromSortedArray.swift */ = {isa = PBXFileReference; lastKnownFileType = sourcecode.swift; path = Q26RemoveDuplicatesFromSortedArray.swift; sourceTree = "<group>"; };
		AF9C05A024D3F3CA00DB125A /* Q121BestTimeToBuyAndSellStock.swift */ = {isa = PBXFileReference; lastKnownFileType = sourcecode.swift; path = Q121BestTimeToBuyAndSellStock.swift; sourceTree = "<group>"; };
		AF9C05A324D3F52F00DB125A /* Q278FirstBadVersion.swift */ = {isa = PBXFileReference; lastKnownFileType = sourcecode.swift; path = Q278FirstBadVersion.swift; sourceTree = "<group>"; };
		AF9C05A624D538BA00DB125A /* Q190ReverseBits.swift */ = {isa = PBXFileReference; lastKnownFileType = sourcecode.swift; path = Q190ReverseBits.swift; sourceTree = "<group>"; };
		AF9C05A924D53F4800DB125A /* Q102BinaryTreeLevelOrderTraversal.swift */ = {isa = PBXFileReference; lastKnownFileType = sourcecode.swift; path = Q102BinaryTreeLevelOrderTraversal.swift; sourceTree = "<group>"; };
		AF9C05AC24D541CA00DB125A /* Q146LRUCache.swift */ = {isa = PBXFileReference; lastKnownFileType = sourcecode.swift; path = Q146LRUCache.swift; sourceTree = "<group>"; };
		AF9C05B024D548A000DB125A /* Q46Permutations.swift */ = {isa = PBXFileReference; lastKnownFileType = sourcecode.swift; path = Q46Permutations.swift; sourceTree = "<group>"; };
		AF9C05B324D5E15100DB125A /* Q329LongestIncreasingPathInAMatrix.swift */ = {isa = PBXFileReference; lastKnownFileType = sourcecode.swift; path = Q329LongestIncreasingPathInAMatrix.swift; sourceTree = "<group>"; };
		AFC2881C24C165B600FFD34C /* Q56MergeIntervals.swift */ = {isa = PBXFileReference; lastKnownFileType = sourcecode.swift; path = Q56MergeIntervals.swift; sourceTree = "<group>"; };
/* End PBXFileReference section */

/* Begin PBXFrameworksBuildPhase section */
		49C64C70221E9391000B8864 /* Frameworks */ = {
			isa = PBXFrameworksBuildPhase;
			buildActionMask = 2147483647;
			files = (
			);
			runOnlyForDeploymentPostprocessing = 0;
		};
/* End PBXFrameworksBuildPhase section */

/* Begin PBXGroup section */
		49C64C6A221E9391000B8864 = {
			isa = PBXGroup;
			children = (
				49C64C75221E9391000B8864 /* leetcode-swift */,
				49C64C74221E9391000B8864 /* Products */,
			);
			sourceTree = "<group>";
		};
		49C64C74221E9391000B8864 /* Products */ = {
			isa = PBXGroup;
			children = (
				49C64C73221E9391000B8864 /* leetcode-swift */,
			);
			name = Products;
			sourceTree = "<group>";
		};
		49C64C75221E9391000B8864 /* leetcode-swift */ = {
			isa = PBXGroup;
			children = (
				AF9C05AB24D541BA00DB125A /* data_structure */,
				AF9C05A824D53F3500DB125A /* breath_first_search */,
				AF9C05A524D538B000DB125A /* bit_operation */,
				AF9C05A224D3F51C00DB125A /* binary_search */,
				49C64C8D221F400F000B8864 /* public_class */,
				49C64C83221E9DB8000B8864 /* array */,
				49C64C7D221E93CA000B8864 /* depth_first_search */,
				49C64C8B221F3FE8000B8864 /* tree */,
				49C64C76221E9391000B8864 /* main.swift */,
			);
			path = "leetcode-swift";
			sourceTree = "<group>";
		};
		49C64C7D221E93CA000B8864 /* depth_first_search */ = {
			isa = PBXGroup;
			children = (
				AF48478124F4753400CB23DE /* parentheses */,
				AF48477E24F468F000CB23DE /* ninety_nine_cents */,
				AF9C05B224D5E13C00DB125A /* matrix */,
				AF9C05AF24D5488D00DB125A /* all_permutations */,
				49C64C80221E9BB2000B8864 /* all_subsets */,
				49C64C7E221E93DF000B8864 /* Q79WordSearch.swift */,
				49C64C87221F2F5F000B8864 /* Q733FloodFill.swift */,
				49C64C89221F36AD000B8864 /* Q332ReconstructItinerary.swift */,
				AF48478424F477C800CB23DE /* Q17LetterCombinationsOfAPhoneNumber.swift */,
			);
			path = depth_first_search;
			sourceTree = "<group>";
		};
		49C64C80221E9BB2000B8864 /* all_subsets */ = {
			isa = PBXGroup;
			children = (
			);
			path = all_subsets;
			sourceTree = "<group>";
		};
		49C64C83221E9DB8000B8864 /* array */ = {
			isa = PBXGroup;
			children = (
				AF9C059D24D3F07D00DB125A /* sort */,
				AF9C059824D3EC0C00DB125A /* sliding_window */,
				AF9C059524D3E80D00DB125A /* reverse */,
				AF9C059124D3E11D00DB125A /* priority_queue */,
				AF9C058724D1531C00DB125A /* n_sum */,
				AF9C058424D14F5400DB125A /* majority */,
				AF9C058124D1488F00DB125A /* k_merge */,
				AFC2881B24C1659100FFD34C /* interval */,
				49C64C84221E9DC7000B8864 /* pre_sum */,
				AF9C05A024D3F3CA00DB125A /* Q121BestTimeToBuyAndSellStock.swift */,
			);
			path = array;
			sourceTree = "<group>";
		};
		49C64C84221E9DC7000B8864 /* pre_sum */ = {
			isa = PBXGroup;
			children = (
				49C64C85221E9DE6000B8864 /* Q560SubarraySumEqualsK.swift */,
				AF9C058B24D1575900DB125A /* Q523ContinuousSubarraySum.swift */,
			);
			path = pre_sum;
			sourceTree = "<group>";
		};
		49C64C8B221F3FE8000B8864 /* tree */ = {
			isa = PBXGroup;
			children = (
				49C64C8C221F3FF1000B8864 /* post_order */,
			);
			path = tree;
			sourceTree = "<group>";
		};
		49C64C8C221F3FF1000B8864 /* post_order */ = {
			isa = PBXGroup;
			children = (
				49C64C90221F7928000B8864 /* Q236LowestCommonAncestorOfABinaryTree.swift */,
			);
			path = post_order;
			sourceTree = "<group>";
		};
		49C64C8D221F400F000B8864 /* public_class */ = {
			isa = PBXGroup;
			children = (
				49C64C8E221F4021000B8864 /* TreeNode.swift */,
			);
			path = public_class;
			sourceTree = "<group>";
		};
		AF48477E24F468F000CB23DE /* ninety_nine_cents */ = {
			isa = PBXGroup;
			children = (
				AF48477F24F4690F00CB23DE /* Q39CombinationSum.swift */,
			);
			path = ninety_nine_cents;
			sourceTree = "<group>";
		};
		AF48478124F4753400CB23DE /* parentheses */ = {
			isa = PBXGroup;
			children = (
				49C64C81221E9BC3000B8864 /* Q22GenerateParentheses.swift */,
			);
			path = parentheses;
			sourceTree = "<group>";
		};
		AF9C058124D1488F00DB125A /* k_merge */ = {
			isa = PBXGroup;
			children = (
				AF9C058224D148AA00DB125A /* Q14LongestCommonPrefix.swift */,
			);
			path = k_merge;
			sourceTree = "<group>";
		};
		AF9C058424D14F5400DB125A /* majority */ = {
			isa = PBXGroup;
			children = (
				AF9C058524D14F6200DB125A /* Q169MajorityElement.swift */,
			);
			path = majority;
			sourceTree = "<group>";
		};
		AF9C058724D1531C00DB125A /* n_sum */ = {
			isa = PBXGroup;
			children = (
				AF9C058824D1532C00DB125A /* Q1TwoSum.swift */,
			);
			path = n_sum;
			sourceTree = "<group>";
		};
		AF9C059124D3E11D00DB125A /* priority_queue */ = {
			isa = PBXGroup;
			children = (
				AF9C059224D3E1A100DB125A /* Q347TopKFrequentElements.swift */,
			);
			path = priority_queue;
			sourceTree = "<group>";
		};
		AF9C059524D3E80D00DB125A /* reverse */ = {
			isa = PBXGroup;
			children = (
				AF9C059624D3E81B00DB125A /* Q189RotateArray.swift */,
			);
			path = reverse;
			sourceTree = "<group>";
		};
		AF9C059824D3EC0C00DB125A /* sliding_window */ = {
			isa = PBXGroup;
			children = (
				AF9C059B24D3EC4300DB125A /* Q643MaximumAverageSubarrayI.swift */,
			);
			path = sliding_window;
			sourceTree = "<group>";
		};
		AF9C059D24D3F07D00DB125A /* sort */ = {
			isa = PBXGroup;
			children = (
				AF9C059E24D3F08A00DB125A /* Q26RemoveDuplicatesFromSortedArray.swift */,
			);
			path = sort;
			sourceTree = "<group>";
		};
		AF9C05A224D3F51C00DB125A /* binary_search */ = {
			isa = PBXGroup;
			children = (
				AF9C05A324D3F52F00DB125A /* Q278FirstBadVersion.swift */,
			);
			path = binary_search;
			sourceTree = "<group>";
		};
		AF9C05A524D538B000DB125A /* bit_operation */ = {
			isa = PBXGroup;
			children = (
				AF9C05A624D538BA00DB125A /* Q190ReverseBits.swift */,
			);
			path = bit_operation;
			sourceTree = "<group>";
		};
		AF9C05A824D53F3500DB125A /* breath_first_search */ = {
			isa = PBXGroup;
			children = (
				AF9C05A924D53F4800DB125A /* Q102BinaryTreeLevelOrderTraversal.swift */,
			);
			path = breath_first_search;
			sourceTree = "<group>";
		};
		AF9C05AB24D541BA00DB125A /* data_structure */ = {
			isa = PBXGroup;
			children = (
				AF9C05AC24D541CA00DB125A /* Q146LRUCache.swift */,
			);
			path = data_structure;
			sourceTree = "<group>";
		};
		AF9C05AF24D5488D00DB125A /* all_permutations */ = {
			isa = PBXGroup;
			children = (
				AF9C05B024D548A000DB125A /* Q46Permutations.swift */,
			);
			path = all_permutations;
			sourceTree = "<group>";
		};
		AF9C05B224D5E13C00DB125A /* matrix */ = {
			isa = PBXGroup;
			children = (
				AF9C05B324D5E15100DB125A /* Q329LongestIncreasingPathInAMatrix.swift */,
			);
			path = matrix;
			sourceTree = "<group>";
		};
		AFC2881B24C1659100FFD34C /* interval */ = {
			isa = PBXGroup;
			children = (
				AFC2881C24C165B600FFD34C /* Q56MergeIntervals.swift */,
				AF9C057F24D1441300DB125A /* Q57InsertInterval.swift */,
			);
			path = interval;
			sourceTree = "<group>";
		};
/* End PBXGroup section */

/* Begin PBXNativeTarget section */
		49C64C72221E9391000B8864 /* leetcode-swift */ = {
			isa = PBXNativeTarget;
			buildConfigurationList = 49C64C7A221E9391000B8864 /* Build configuration list for PBXNativeTarget "leetcode-swift" */;
			buildPhases = (
				49C64C6F221E9391000B8864 /* Sources */,
				49C64C70221E9391000B8864 /* Frameworks */,
				49C64C71221E9391000B8864 /* CopyFiles */,
			);
			buildRules = (
			);
			dependencies = (
			);
			name = "leetcode-swift";
			productName = "leetcode-swift";
			productReference = 49C64C73221E9391000B8864 /* leetcode-swift */;
			productType = "com.apple.product-type.tool";
		};
/* End PBXNativeTarget section */

/* Begin PBXProject section */
		49C64C6B221E9391000B8864 /* Project object */ = {
			isa = PBXProject;
			attributes = {
				LastSwiftUpdateCheck = 1010;
				LastUpgradeCheck = 1150;
				ORGANIZATIONNAME = com.cj;
				TargetAttributes = {
					49C64C72221E9391000B8864 = {
						CreatedOnToolsVersion = 10.1;
						LastSwiftMigration = 1150;
					};
				};
			};
			buildConfigurationList = 49C64C6E221E9391000B8864 /* Build configuration list for PBXProject "leetcode-swift" */;
			compatibilityVersion = "Xcode 9.3";
			developmentRegion = en;
			hasScannedForEncodings = 0;
			knownRegions = (
				en,
			);
			mainGroup = 49C64C6A221E9391000B8864;
			productRefGroup = 49C64C74221E9391000B8864 /* Products */;
			projectDirPath = "";
			projectRoot = "";
			targets = (
				49C64C72221E9391000B8864 /* leetcode-swift */,
			);
		};
/* End PBXProject section */

/* Begin PBXSourcesBuildPhase section */
		49C64C6F221E9391000B8864 /* Sources */ = {
			isa = PBXSourcesBuildPhase;
			buildActionMask = 2147483647;
			files = (
				49C64C8F221F4021000B8864 /* TreeNode.swift in Sources */,
				AF9C059724D3E81B00DB125A /* Q189RotateArray.swift in Sources */,
				AF48478524F477C800CB23DE /* Q17LetterCombinationsOfAPhoneNumber.swift in Sources */,
				AF9C058324D148AA00DB125A /* Q14LongestCommonPrefix.swift in Sources */,
				AF9C058C24D1575900DB125A /* Q523ContinuousSubarraySum.swift in Sources */,
				AF9C059324D3E1A100DB125A /* Q347TopKFrequentElements.swift in Sources */,
				AF48478024F4691000CB23DE /* Q39CombinationSum.swift in Sources */,
				AF9C05AD24D541CA00DB125A /* Q146LRUCache.swift in Sources */,
				AF9C05AA24D53F4800DB125A /* Q102BinaryTreeLevelOrderTraversal.swift in Sources */,
				49C64C77221E9391000B8864 /* main.swift in Sources */,
				49C64C88221F2F5F000B8864 /* Q733FloodFill.swift in Sources */,
				49C64C91221F7928000B8864 /* Q236LowestCommonAncestorOfABinaryTree.swift in Sources */,
				49C64C82221E9BC3000B8864 /* Q22GenerateParentheses.swift in Sources */,
				AF9C058924D1532C00DB125A /* Q1TwoSum.swift in Sources */,
				AF9C058024D1441300DB125A /* Q57InsertInterval.swift in Sources */,
				AF9C05A724D538BA00DB125A /* Q190ReverseBits.swift in Sources */,
				AFC2881D24C165B600FFD34C /* Q56MergeIntervals.swift in Sources */,
				49C64C8A221F36AD000B8864 /* Q332ReconstructItinerary.swift in Sources */,
				49C64C7F221E93DF000B8864 /* Q79WordSearch.swift in Sources */,
				AF9C05B424D5E15100DB125A /* Q329LongestIncreasingPathInAMatrix.swift in Sources */,
				AF9C05A124D3F3CA00DB125A /* Q121BestTimeToBuyAndSellStock.swift in Sources */,
				AF9C05A424D3F52F00DB125A /* Q278FirstBadVersion.swift in Sources */,
				AF9C059F24D3F08A00DB125A /* Q26RemoveDuplicatesFromSortedArray.swift in Sources */,
				AF9C059C24D3EC4300DB125A /* Q643MaximumAverageSubarrayI.swift in Sources */,
				AF9C058624D14F6200DB125A /* Q169MajorityElement.swift in Sources */,
				AF9C05B124D548A000DB125A /* Q46Permutations.swift in Sources */,
				49C64C86221E9DE6000B8864 /* Q560SubarraySumEqualsK.swift in Sources */,
			);
			runOnlyForDeploymentPostprocessing = 0;
		};
/* End PBXSourcesBuildPhase section */

/* Begin XCBuildConfiguration section */
		49C64C78221E9391000B8864 /* Debug */ = {
			isa = XCBuildConfiguration;
			buildSettings = {
				ALWAYS_SEARCH_USER_PATHS = NO;
				CLANG_ANALYZER_NONNULL = YES;
				CLANG_ANALYZER_NUMBER_OBJECT_CONVERSION = YES_AGGRESSIVE;
				CLANG_CXX_LANGUAGE_STANDARD = "gnu++14";
				CLANG_CXX_LIBRARY = "libc++";
				CLANG_ENABLE_MODULES = YES;
				CLANG_ENABLE_OBJC_ARC = YES;
				CLANG_ENABLE_OBJC_WEAK = YES;
				CLANG_WARN_BLOCK_CAPTURE_AUTORELEASING = YES;
				CLANG_WARN_BOOL_CONVERSION = YES;
				CLANG_WARN_COMMA = YES;
				CLANG_WARN_CONSTANT_CONVERSION = YES;
				CLANG_WARN_DEPRECATED_OBJC_IMPLEMENTATIONS = YES;
				CLANG_WARN_DIRECT_OBJC_ISA_USAGE = YES_ERROR;
				CLANG_WARN_DOCUMENTATION_COMMENTS = YES;
				CLANG_WARN_EMPTY_BODY = YES;
				CLANG_WARN_ENUM_CONVERSION = YES;
				CLANG_WARN_INFINITE_RECURSION = YES;
				CLANG_WARN_INT_CONVERSION = YES;
				CLANG_WARN_NON_LITERAL_NULL_CONVERSION = YES;
				CLANG_WARN_OBJC_IMPLICIT_RETAIN_SELF = YES;
				CLANG_WARN_OBJC_LITERAL_CONVERSION = YES;
				CLANG_WARN_OBJC_ROOT_CLASS = YES_ERROR;
				CLANG_WARN_RANGE_LOOP_ANALYSIS = YES;
				CLANG_WARN_STRICT_PROTOTYPES = YES;
				CLANG_WARN_SUSPICIOUS_MOVE = YES;
				CLANG_WARN_UNGUARDED_AVAILABILITY = YES_AGGRESSIVE;
				CLANG_WARN_UNREACHABLE_CODE = YES;
				CLANG_WARN__DUPLICATE_METHOD_MATCH = YES;
				CODE_SIGN_IDENTITY = "Mac Developer";
				COPY_PHASE_STRIP = NO;
				DEBUG_INFORMATION_FORMAT = dwarf;
				ENABLE_STRICT_OBJC_MSGSEND = YES;
				ENABLE_TESTABILITY = YES;
				GCC_C_LANGUAGE_STANDARD = gnu11;
				GCC_DYNAMIC_NO_PIC = NO;
				GCC_NO_COMMON_BLOCKS = YES;
				GCC_OPTIMIZATION_LEVEL = 0;
				GCC_PREPROCESSOR_DEFINITIONS = (
					"DEBUG=1",
					"$(inherited)",
				);
				GCC_WARN_64_TO_32_BIT_CONVERSION = YES;
				GCC_WARN_ABOUT_RETURN_TYPE = YES_ERROR;
				GCC_WARN_UNDECLARED_SELECTOR = YES;
				GCC_WARN_UNINITIALIZED_AUTOS = YES_AGGRESSIVE;
				GCC_WARN_UNUSED_FUNCTION = YES;
				GCC_WARN_UNUSED_VARIABLE = YES;
				MACOSX_DEPLOYMENT_TARGET = 10.14;
				MTL_ENABLE_DEBUG_INFO = INCLUDE_SOURCE;
				MTL_FAST_MATH = YES;
				ONLY_ACTIVE_ARCH = YES;
				SDKROOT = macosx;
				SWIFT_ACTIVE_COMPILATION_CONDITIONS = DEBUG;
				SWIFT_OPTIMIZATION_LEVEL = "-Onone";
			};
			name = Debug;
		};
		49C64C79221E9391000B8864 /* Release */ = {
			isa = XCBuildConfiguration;
			buildSettings = {
				ALWAYS_SEARCH_USER_PATHS = NO;
				CLANG_ANALYZER_NONNULL = YES;
				CLANG_ANALYZER_NUMBER_OBJECT_CONVERSION = YES_AGGRESSIVE;
				CLANG_CXX_LANGUAGE_STANDARD = "gnu++14";
				CLANG_CXX_LIBRARY = "libc++";
				CLANG_ENABLE_MODULES = YES;
				CLANG_ENABLE_OBJC_ARC = YES;
				CLANG_ENABLE_OBJC_WEAK = YES;
				CLANG_WARN_BLOCK_CAPTURE_AUTORELEASING = YES;
				CLANG_WARN_BOOL_CONVERSION = YES;
				CLANG_WARN_COMMA = YES;
				CLANG_WARN_CONSTANT_CONVERSION = YES;
				CLANG_WARN_DEPRECATED_OBJC_IMPLEMENTATIONS = YES;
				CLANG_WARN_DIRECT_OBJC_ISA_USAGE = YES_ERROR;
				CLANG_WARN_DOCUMENTATION_COMMENTS = YES;
				CLANG_WARN_EMPTY_BODY = YES;
				CLANG_WARN_ENUM_CONVERSION = YES;
				CLANG_WARN_INFINITE_RECURSION = YES;
				CLANG_WARN_INT_CONVERSION = YES;
				CLANG_WARN_NON_LITERAL_NULL_CONVERSION = YES;
				CLANG_WARN_OBJC_IMPLICIT_RETAIN_SELF = YES;
				CLANG_WARN_OBJC_LITERAL_CONVERSION = YES;
				CLANG_WARN_OBJC_ROOT_CLASS = YES_ERROR;
				CLANG_WARN_RANGE_LOOP_ANALYSIS = YES;
				CLANG_WARN_STRICT_PROTOTYPES = YES;
				CLANG_WARN_SUSPICIOUS_MOVE = YES;
				CLANG_WARN_UNGUARDED_AVAILABILITY = YES_AGGRESSIVE;
				CLANG_WARN_UNREACHABLE_CODE = YES;
				CLANG_WARN__DUPLICATE_METHOD_MATCH = YES;
				CODE_SIGN_IDENTITY = "Mac Developer";
				COPY_PHASE_STRIP = NO;
				DEBUG_INFORMATION_FORMAT = "dwarf-with-dsym";
				ENABLE_NS_ASSERTIONS = NO;
				ENABLE_STRICT_OBJC_MSGSEND = YES;
				GCC_C_LANGUAGE_STANDARD = gnu11;
				GCC_NO_COMMON_BLOCKS = YES;
				GCC_WARN_64_TO_32_BIT_CONVERSION = YES;
				GCC_WARN_ABOUT_RETURN_TYPE = YES_ERROR;
				GCC_WARN_UNDECLARED_SELECTOR = YES;
				GCC_WARN_UNINITIALIZED_AUTOS = YES_AGGRESSIVE;
				GCC_WARN_UNUSED_FUNCTION = YES;
				GCC_WARN_UNUSED_VARIABLE = YES;
				MACOSX_DEPLOYMENT_TARGET = 10.14;
				MTL_ENABLE_DEBUG_INFO = NO;
				MTL_FAST_MATH = YES;
				SDKROOT = macosx;
				SWIFT_COMPILATION_MODE = wholemodule;
				SWIFT_OPTIMIZATION_LEVEL = "-O";
			};
			name = Release;
		};
		49C64C7B221E9391000B8864 /* Debug */ = {
			isa = XCBuildConfiguration;
			buildSettings = {
				CODE_SIGN_IDENTITY = "-";
				CODE_SIGN_STYLE = Automatic;
				DEVELOPMENT_TEAM = 78A73LK6Q3;
				PRODUCT_NAME = "$(TARGET_NAME)";
				SWIFT_VERSION = 5.0;
			};
			name = Debug;
		};
		49C64C7C221E9391000B8864 /* Release */ = {
			isa = XCBuildConfiguration;
			buildSettings = {
				CODE_SIGN_IDENTITY = "-";
				CODE_SIGN_STYLE = Automatic;
				DEVELOPMENT_TEAM = 78A73LK6Q3;
				PRODUCT_NAME = "$(TARGET_NAME)";
				SWIFT_VERSION = 5.0;
			};
			name = Release;
		};
/* End XCBuildConfiguration section */

/* Begin XCConfigurationList section */
		49C64C6E221E9391000B8864 /* Build configuration list for PBXProject "leetcode-swift" */ = {
			isa = XCConfigurationList;
			buildConfigurations = (
				49C64C78221E9391000B8864 /* Debug */,
				49C64C79221E9391000B8864 /* Release */,
			);
			defaultConfigurationIsVisible = 0;
			defaultConfigurationName = Release;
		};
		49C64C7A221E9391000B8864 /* Build configuration list for PBXNativeTarget "leetcode-swift" */ = {
			isa = XCConfigurationList;
			buildConfigurations = (
				49C64C7B221E9391000B8864 /* Debug */,
				49C64C7C221E9391000B8864 /* Release */,
			);
			defaultConfigurationIsVisible = 0;
			defaultConfigurationName = Release;
		};
/* End XCConfigurationList section */
	};
	rootObject = 49C64C6B221E9391000B8864 /* Project object */;
}
